PODS:
  - Alamofire (5.4.1)
  - ObjectMapper (4.2.0)
  - SVProgressHUD (2.2.5)
  - SwiftyJSON (4.1.0)

DEPENDENCIES:
  - Alamofire (~> 5.2)
  - ObjectMapper
  - SVProgressHUD
  - SwiftyJSON (~> 4.1.0)

SPEC REPOS:
  trunk:
    - Alamofire
    - ObjectMapper
    - SVProgressHUD
    - SwiftyJSON

SPEC CHECKSUMS:
  Alamofire: 2291f7d21ca607c491dd17642e5d40fdcda0e65c
  ObjectMapper: 1eb41f610210777375fa806bf161dc39fb832b81
  SVProgressHUD: 1428aafac632c1f86f62aa4243ec12008d7a51d6
  SwiftyJSON: c29297daf073d2aa016295d5809cdd68045c39b3

PODFILE CHECKSUM: 8d39538a4d2a0122f74f65fa3dc2807843231c88

COCOAPODS: 1.10.0
